
Microsoft Visual Studio Solution File, Format Version 12.00
# Visual Studio 15
Project("{FAE04EC0-301F-11D3-BF4B-00C04F79EFBC}") = "Assembly-CSharp", "Assembly-CSharp.csproj", "{A2204C7A-CD5F-641A-ACE3-F478E5C0FA7B}"
EndProject
Project("{FAE04EC0-301F-11D3-BF4B-00C04F79EFBC}") = "UnityEngine.TestRunner", "UnityEngine.TestRunner.csproj", "{42A41C6E-64CF-962F-EFC5-9A3E43E27F22}"
EndProject
Project("{FAE04EC0-301F-11D3-BF4B-00C04F79EFBC}") = "Unity.Timeline", "Unity.Timeline.csproj", "{270A8308-0703-79F5-7024-16F88A68DFA6}"
EndProject
Project("{FAE04EC0-301F-11D3-BF4B-00C04F79EFBC}") = "Unity.TextMeshPro", "Unity.TextMeshPro.csproj", "{FAC8EE0C-B190-A222-A99B-A0F1C69F0584}"
EndProject
Project("{FAE04EC0-301F-11D3-BF4B-00C04F79EFBC}") = "UnityEditor.TestRunner", "UnityEditor.TestRunner.csproj", "{9942A5EE-65AC-EC94-3683-C493F35C2063}"
EndProject
Project("{FAE04EC0-301F-11D3-BF4B-00C04F79EFBC}") = "Unity.PlasticSCM.Editor", "Unity.PlasticSCM.Editor.csproj", "{9AFAD700-3EBB-8022-7AF0-2A9471F670B1}"
EndProject
Project("{FAE04EC0-301F-11D3-BF4B-00C04F79EFBC}") = "Unity.Services.Core.Editor", "Unity.Services.Core.Editor.csproj", "{49D913B9-585E-BA45-E14D-61E9F4B92D3F}"
EndProject
Project("{FAE04EC0-301F-11D3-BF4B-00C04F79EFBC}") = "Unity.Timeline.Editor", "Unity.Timeline.Editor.csproj", "{011F09D7-780F-A7FA-C6A2-6333240D358C}"
EndProject
Project("{FAE04EC0-301F-11D3-BF4B-00C04F79EFBC}") = "Unity.VisualStudio.Editor", "Unity.VisualStudio.Editor.csproj", "{EBC32109-E8F3-0758-4DD4-B0A1FBDA1CBF}"
EndProject
Project("{FAE04EC0-301F-11D3-BF4B-00C04F79EFBC}") = "Unity.TextMeshPro.Editor", "Unity.TextMeshPro.Editor.csproj", "{6E7E8395-A115-B231-94F2-318508B091C0}"
EndProject
Project("{FAE04EC0-301F-11D3-BF4B-00C04F79EFBC}") = "Unity.CollabProxy.Editor", "Unity.CollabProxy.Editor.csproj", "{6AD016F0-C01A-87B6-F9B1-4161A33B34F6}"
EndProject
Project("{FAE04EC0-301F-11D3-BF4B-00C04F79EFBC}") = "Unity.Rider.Editor", "Unity.Rider.Editor.csproj", "{E90FC108-BEFD-1480-AF77-18E5F918E66E}"
EndProject
Project("{FAE04EC0-301F-11D3-BF4B-00C04F79EFBC}") = "Unity.VSCode.Editor", "Unity.VSCode.Editor.csproj", "{272D0BD7-3198-AC47-2F5A-DAE9AD9DABC5}"
EndProject
Global
	GlobalSection(SolutionConfigurationPlatforms) = preSolution
		Debug|Any CPU = Debug|Any CPU
		Release|Any CPU = Release|Any CPU
	EndGlobalSection
	GlobalSection(ProjectConfigurationPlatforms) = postSolution
		{A2204C7A-CD5F-641A-ACE3-F478E5C0FA7B}.Debug|Any CPU.ActiveCfg = Debug|Any CPU
		{A2204C7A-CD5F-641A-ACE3-F478E5C0FA7B}.Debug|Any CPU.Build.0 = Debug|Any CPU
		{A2204C7A-CD5F-641A-ACE3-F478E5C0FA7B}.Release|Any CPU.ActiveCfg = Release|Any CPU
		{A2204C7A-CD5F-641A-ACE3-F478E5C0FA7B}.Release|Any CPU.Build.0 = Release|Any CPU
		{42A41C6E-64CF-962F-EFC5-9A3E43E27F22}.Debug|Any CPU.ActiveCfg = Debug|Any CPU
		{42A41C6E-64CF-962F-EFC5-9A3E43E27F22}.Debug|Any CPU.Build.0 = Debug|Any CPU
		{42A41C6E-64CF-962F-EFC5-9A3E43E27F22}.Release|Any CPU.ActiveCfg = Release|Any CPU
		{42A41C6E-64CF-962F-EFC5-9A3E43E27F22}.Release|Any CPU.Build.0 = Release|Any CPU
		{270A8308-0703-79F5-7024-16F88A68DFA6}.Debug|Any CPU.ActiveCfg = Debug|Any CPU
		{270A8308-0703-79F5-7024-16F88A68DFA6}.Debug|Any CPU.Build.0 = Debug|Any CPU
		{270A8308-0703-79F5-7024-16F88A68DFA6}.Release|Any CPU.ActiveCfg = Release|Any CPU
		{270A8308-0703-79F5-7024-16F88A68DFA6}.Release|Any CPU.Build.0 = Release|Any CPU
		{FAC8EE0C-B190-A222-A99B-A0F1C69F0584}.Debug|Any CPU.ActiveCfg = Debug|Any CPU
		{FAC8EE0C-B190-A222-A99B-A0F1C69F0584}.Debug|Any CPU.Build.0 = Debug|Any CPU
		{FAC8EE0C-B190-A222-A99B-A0F1C69F0584}.Release|Any CPU.ActiveCfg = Release|Any CPU
		{FAC8EE0C-B190-A222-A99B-A0F1C69F0584}.Release|Any CPU.Build.0 = Release|Any CPU
		{9942A5EE-65AC-EC94-3683-C493F35C2063}.Debug|Any CPU.ActiveCfg = Debug|Any CPU
		{9942A5EE-65AC-EC94-3683-C493F35C2063}.Debug|Any CPU.Build.0 = Debug|Any CPU
		{9942A5EE-65AC-EC94-3683-C493F35C2063}.Release|Any CPU.ActiveCfg = Release|Any CPU
		{9942A5EE-65AC-EC94-3683-C493F35C2063}.Release|Any CPU.Build.0 = Release|Any CPU
		{9AFAD700-3EBB-8022-7AF0-2A9471F670B1}.Debug|Any CPU.ActiveCfg = Debug|Any CPU
		{9AFAD700-3EBB-8022-7AF0-2A9471F670B1}.Debug|Any CPU.Build.0 = Debug|Any CPU
		{9AFAD700-3EBB-8022-7AF0-2A9471F670B1}.Release|Any CPU.ActiveCfg = Release|Any CPU
		{9AFAD700-3EBB-8022-7AF0-2A9471F670B1}.Release|Any CPU.Build.0 = Release|Any CPU
		{49D913B9-585E-BA45-E14D-61E9F4B92D3F}.Debug|Any CPU.ActiveCfg = Debug|Any CPU
		{49D913B9-585E-BA45-E14D-61E9F4B92D3F}.Debug|Any CPU.Build.0 = Debug|Any CPU
		{49D913B9-585E-BA45-E14D-61E9F4B92D3F}.Release|Any CPU.ActiveCfg = Release|Any CPU
		{49D913B9-585E-BA45-E14D-61E9F4B92D3F}.Release|Any CPU.Build.0 = Release|Any CPU
		{011F09D7-780F-A7FA-C6A2-6333240D358C}.Debug|Any CPU.ActiveCfg = Debug|Any CPU
		{011F09D7-780F-A7FA-C6A2-6333240D358C}.Debug|Any CPU.Build.0 = Debug|Any CPU
		{011F09D7-780F-A7FA-C6A2-6333240D358C}.Release|Any CPU.ActiveCfg = Release|Any CPU
		{011F09D7-780F-A7FA-C6A2-6333240D358C}.Release|Any CPU.Build.0 = Release|Any CPU
		{EBC32109-E8F3-0758-4DD4-B0A1FBDA1CBF}.Debug|Any CPU.ActiveCfg = Debug|Any CPU
		{EBC32109-E8F3-0758-4DD4-B0A1FBDA1CBF}.Debug|Any CPU.Build.0 = Debug|Any CPU
		{EBC32109-E8F3-0758-4DD4-B0A1FBDA1CBF}.Release|Any CPU.ActiveCfg = Release|Any CPU
		{EBC32109-E8F3-0758-4DD4-B0A1FBDA1CBF}.Release|Any CPU.Build.0 = Release|Any CPU
		{6E7E8395-A115-B231-94F2-318508B091C0}.Debug|Any CPU.ActiveCfg = Debug|Any CPU
		{6E7E8395-A115-B231-94F2-318508B091C0}.Debug|Any CPU.Build.0 = Debug|Any CPU
		{6E7E8395-A115-B231-94F2-318508B091C0}.Release|Any CPU.ActiveCfg = Release|Any CPU
		{6E7E8395-A115-B231-94F2-318508B091C0}.Release|Any CPU.Build.0 = Release|Any CPU
		{6AD016F0-C01A-87B6-F9B1-4161A33B34F6}.Debug|Any CPU.ActiveCfg = Debug|Any CPU
		{6AD016F0-C01A-87B6-F9B1-4161A33B34F6}.Debug|Any CPU.Build.0 = Debug|Any CPU
		{6AD016F0-C01A-87B6-F9B1-4161A33B34F6}.Release|Any CPU.ActiveCfg = Release|Any CPU
		{6AD016F0-C01A-87B6-F9B1-4161A33B34F6}.Release|Any CPU.Build.0 = Release|Any CPU
		{E90FC108-BEFD-1480-AF77-18E5F918E66E}.Debug|Any CPU.ActiveCfg = Debug|Any CPU
		{E90FC108-BEFD-1480-AF77-18E5F918E66E}.Debug|Any CPU.Build.0 = Debug|Any CPU
		{E90FC108-BEFD-1480-AF77-18E5F918E66E}.Release|Any CPU.ActiveCfg = Release|Any CPU
		{E90FC108-BEFD-1480-AF77-18E5F918E66E}.Release|Any CPU.Build.0 = Release|Any CPU
		{272D0BD7-3198-AC47-2F5A-DAE9AD9DABC5}.Debug|Any CPU.ActiveCfg = Debug|Any CPU
		{272D0BD7-3198-AC47-2F5A-DAE9AD9DABC5}.Debug|Any CPU.Build.0 = Debug|Any CPU
		{272D0BD7-3198-AC47-2F5A-DAE9AD9DABC5}.Release|Any CPU.ActiveCfg = Release|Any CPU
		{272D0BD7-3198-AC47-2F5A-DAE9AD9DABC5}.Release|Any CPU.Build.0 = Release|Any CPU
	EndGlobalSection
	GlobalSection(SolutionProperties) = preSolution
		HideSolutionNode = FALSE
	EndGlobalSection
EndGlobal
